// !$*UTF8*$!
{
	archiveVersion = 1;
	classes = {
	};
	objectVersion = 46;
	objects = {

/* Begin PBXBuildFile section */
		A10B05441C7CBE7D00867B30 /* main.m in Sources */ = {isa = PBXBuildFile; fileRef = A10B05431C7CBE7D00867B30 /* main.m */; };
		A10B05471C7CBE7D00867B30 /* AppDelegate.m in Sources */ = {isa = PBXBuildFile; fileRef = A10B05461C7CBE7D00867B30 /* AppDelegate.m */; };
		A10B054A1C7CBE7D00867B30 /* ViewController.m in Sources */ = {isa = PBXBuildFile; fileRef = A10B05491C7CBE7D00867B30 /* ViewController.m */; };
		A10B054D1C7CBE7D00867B30 /* Main.storyboard in Resources */ = {isa = PBXBuildFile; fileRef = A10B054B1C7CBE7D00867B30 /* Main.storyboard */; };
		A10B054F1C7CBE7D00867B30 /* Assets.xcassets in Resources */ = {isa = PBXBuildFile; fileRef = A10B054E1C7CBE7D00867B30 /* Assets.xcassets */; };
		A10B05521C7CBE7D00867B30 /* LaunchScreen.storyboard in Resources */ = {isa = PBXBuildFile; fileRef = A10B05501C7CBE7D00867B30 /* LaunchScreen.storyboard */; };
		A10B055D1C7CBE7D00867B30 /* gitTestTests.m in Sources */ = {isa = PBXBuildFile; fileRef = A10B055C1C7CBE7D00867B30 /* gitTestTests.m */; };
		A10B05681C7CBE7D00867B30 /* gitTestUITests.m in Sources */ = {isa = PBXBuildFile; fileRef = A10B05671C7CBE7D00867B30 /* gitTestUITests.m */; };
/* End PBXBuildFile section */

/* Begin PBXContainerItemProxy section */
		A10B05591C7CBE7D00867B30 /* PBXContainerItemProxy */ = {
			isa = PBXContainerItemProxy;
			containerPortal = A10B05371C7CBE7D00867B30 /* Project object */;
			proxyType = 1;
			remoteGlobalIDString = A10B053E1C7CBE7D00867B30;
			remoteInfo = gitTest;
		};
		A10B05641C7CBE7D00867B30 /* PBXContainerItemProxy */ = {
			isa = PBXContainerItemProxy;
			containerPortal = A10B05371C7CBE7D00867B30 /* Project object */;
			proxyType = 1;
			remoteGlobalIDString = A10B053E1C7CBE7D00867B30;
			remoteInfo = gitTest;
		};
/* End PBXContainerItemProxy section */

/* Begin PBXFileReference section */
		A10B053F1C7CBE7D00867B30 /* gitTest.app */ = {isa = PBXFileReference; explicitFileType = wrapper.application; includeInIndex = 0; path = gitTest.app; sourceTree = BUILT_PRODUCTS_DIR; };
		A10B05431C7CBE7D00867B30 /* main.m */ = {isa = PBXFileReference; lastKnownFileType = sourcecode.c.objc; path = main.m; sourceTree = "<group>"; };
		A10B05451C7CBE7D00867B30 /* AppDelegate.h */ = {isa = PBXFileReference; lastKnownFileType = sourcecode.c.h; path = AppDelegate.h; sourceTree = "<group>"; };
		A10B05461C7CBE7D00867B30 /* AppDelegate.m */ = {isa = PBXFileReference; lastKnownFileType = sourcecode.c.objc; path = AppDelegate.m; sourceTree = "<group>"; };
		A10B05481C7CBE7D00867B30 /* ViewController.h */ = {isa = PBXFileReference; lastKnownFileType = sourcecode.c.h; path = ViewController.h; sourceTree = "<group>"; };
		A10B05491C7CBE7D00867B30 /* ViewController.m */ = {isa = PBXFileReference; lastKnownFileType = sourcecode.c.objc; path = ViewController.m; sourceTree = "<group>"; };
		A10B054C1C7CBE7D00867B30 /* Base */ = {isa = PBXFileReference; lastKnownFileType = file.storyboard; name = Base; path = Base.lproj/Main.storyboard; sourceTree = "<group>"; };
		A10B054E1C7CBE7D00867B30 /* Assets.xcassets */ = {isa = PBXFileReference; lastKnownFileType = folder.assetcatalog; path = Assets.xcassets; sourceTree = "<group>"; };
		A10B05511C7CBE7D00867B30 /* Base */ = {isa = PBXFileReference; lastKnownFileType = file.storyboard; name = Base; path = Base.lproj/LaunchScreen.storyboard; sourceTree = "<group>"; };
		A10B05531C7CBE7D00867B30 /* Info.plist */ = {isa = PBXFileReference; lastKnownFileType = text.plist.xml; path = Info.plist; sourceTree = "<group>"; };
		A10B05581C7CBE7D00867B30 /* gitTestTests.xctest */ = {isa = PBXFileReference; explicitFileType = wrapper.cfbundle; includeInIndex = 0; path = gitTestTests.xctest; sourceTree = BUILT_PRODUCTS_DIR; };
		A10B055C1C7CBE7D00867B30 /* gitTestTests.m */ = {isa = PBXFileReference; lastKnownFileType = sourcecode.c.objc; path = gitTestTests.m; sourceTree = "<group>"; };
		A10B055E1C7CBE7D00867B30 /* Info.plist */ = {isa = PBXFileReference; lastKnownFileType = text.plist.xml; path = Info.plist; sourceTree = "<group>"; };
		A10B05631C7CBE7D00867B30 /* gitTestUITests.xctest */ = {isa = PBXFileReference; explicitFileType = wrapper.cfbundle; includeInIndex = 0; path = gitTestUITests.xctest; sourceTree = BUILT_PRODUCTS_DIR; };
		A10B05671C7CBE7D00867B30 /* gitTestUITests.m */ = {isa = PBXFileReference; lastKnownFileType = sourcecode.c.objc; path = gitTestUITests.m; sourceTree = "<group>"; };
		A10B05691C7CBE7D00867B30 /* Info.plist */ = {isa = PBXFileReference; lastKnownFileType = text.plist.xml; path = Info.plist; sourceTree = "<group>"; };
/* End PBXFileReference section */

/* Begin PBXFrameworksBuildPhase section */
		A10B053C1C7CBE7D00867B30 /* Frameworks */ = {
			isa = PBXFrameworksBuildPhase;
			buildActionMask = 2147483647;
			files = (
			);
			runOnlyForDeploymentPostprocessing = 0;
		};
		A10B05551C7CBE7D00867B30 /* Frameworks */ = {
			isa = PBXFrameworksBuildPhase;
			buildActionMask = 2147483647;
			files = (
			);
			runOnlyForDeploymentPostprocessing = 0;
		};
		A10B05601C7CBE7D00867B30 /* Frameworks */ = {
			isa = PBXFrameworksBuildPhase;
			buildActionMask = 2147483647;
			files = (
			);
			runOnlyForDeploymentPostprocessing = 0;
		};
/* End PBXFrameworksBuildPhase section */

/* Begin PBXGroup section */
		A10B05361C7CBE7D00867B30 = {
			isa = PBXGroup;
			children = (
				A10B05411C7CBE7D00867B30 /* gitTest */,
				A10B055B1C7CBE7D00867B30 /* gitTestTests */,
				A10B05661C7CBE7D00867B30 /* gitTestUITests */,
				A10B05401C7CBE7D00867B30 /* Products */,
			);
			sourceTree = "<group>";
		};
		A10B05401C7CBE7D00867B30 /* Products */ = {
			isa = PBXGroup;
			children = (
				A10B053F1C7CBE7D00867B30 /* gitTest.app */,
				A10B05581C7CBE7D00867B30 /* gitTestTests.xctest */,
				A10B05631C7CBE7D00867B30 /* gitTestUITests.xctest */,
			);
			name = Products;
			sourceTree = "<group>";
		};
		A10B05411C7CBE7D00867B30 /* gitTest */ = {
			isa = PBXGroup;
			children = (
				A10B05451C7CBE7D00867B30 /* AppDelegate.h */,
				A10B05461C7CBE7D00867B30 /* AppDelegate.m */,
				A10B05481C7CBE7D00867B30 /* ViewController.h */,
				A10B05491C7CBE7D00867B30 /* ViewController.m */,
				A10B054B1C7CBE7D00867B30 /* Main.storyboard */,
				A10B054E1C7CBE7D00867B30 /* Assets.xcassets */,
				A10B05501C7CBE7D00867B30 /* LaunchScreen.storyboard */,
				A10B05531C7CBE7D00867B30 /* Info.plist */,
				A10B05421C7CBE7D00867B30 /* Supporting Files */,
			);
			path = gitTest;
			sourceTree = "<group>";
		};
		A10B05421C7CBE7D00867B30 /* Supporting Files */ = {
			isa = PBXGroup;
			children = (
				A10B05431C7CBE7D00867B30 /* main.m */,
			);
			name = "Supporting Files";
			sourceTree = "<group>";
		};
		A10B055B1C7CBE7D00867B30 /* gitTestTests */ = {
			isa = PBXGroup;
			children = (
				A10B055C1C7CBE7D00867B30 /* gitTestTests.m */,
				A10B055E1C7CBE7D00867B30 /* Info.plist */,
			);
			path = gitTestTests;
			sourceTree = "<group>";
		};
		A10B05661C7CBE7D00867B30 /* gitTestUITests */ = {
			isa = PBXGroup;
			children = (
				A10B05671C7CBE7D00867B30 /* gitTestUITests.m */,
				A10B05691C7CBE7D00867B30 /* Info.plist */,
			);
			path = gitTestUITests;
			sourceTree = "<group>";
		};
/* End PBXGroup section */

/* Begin PBXNativeTarget section */
		A10B053E1C7CBE7D00867B30 /* gitTest */ = {
			isa = PBXNativeTarget;
			buildConfigurationList = A10B056C1C7CBE7D00867B30 /* Build configuration list for PBXNativeTarget "gitTest" */;
			buildPhases = (
				A10B053B1C7CBE7D00867B30 /* Sources */,
				A10B053C1C7CBE7D00867B30 /* Frameworks */,
				A10B053D1C7CBE7D00867B30 /* Resources */,
			);
			buildRules = (
			);
			dependencies = (
			);
			name = gitTest;
			productName = gitTest;
			productReference = A10B053F1C7CBE7D00867B30 /* gitTest.app */;
			productType = "com.apple.product-type.application";
		};
		A10B05571C7CBE7D00867B30 /* gitTestTests */ = {
			isa = PBXNativeTarget;
			buildConfigurationList = A10B056F1C7CBE7D00867B30 /* Build configuration list for PBXNativeTarget "gitTestTests" */;
			buildPhases = (
				A10B05541C7CBE7D00867B30 /* Sources */,
				A10B05551C7CBE7D00867B30 /* Frameworks */,
				A10B05561C7CBE7D00867B30 /* Resources */,
			);
			buildRules = (
			);
			dependencies = (
				A10B055A1C7CBE7D00867B30 /* PBXTargetDependency */,
			);
			name = gitTestTests;
			productName = gitTestTests;
			productReference = A10B05581C7CBE7D00867B30 /* gitTestTests.xctest */;
			productType = "com.apple.product-type.bundle.unit-test";
		};
		A10B05621C7CBE7D00867B30 /* gitTestUITests */ = {
			isa = PBXNativeTarget;
			buildConfigurationList = A10B05721C7CBE7D00867B30 /* Build configuration list for PBXNativeTarget "gitTestUITests" */;
			buildPhases = (
				A10B055F1C7CBE7D00867B30 /* Sources */,
				A10B05601C7CBE7D00867B30 /* Frameworks */,
				A10B05611C7CBE7D00867B30 /* Resources */,
			);
			buildRules = (
			);
			dependencies = (
				A10B05651C7CBE7D00867B30 /* PBXTargetDependency */,
			);
			name = gitTestUITests;
			productName = gitTestUITests;
			productReference = A10B05631C7CBE7D00867B30 /* gitTestUITests.xctest */;
			productType = "com.apple.product-type.bundle.ui-testing";
		};
/* End PBXNativeTarget section */

/* Begin PBXProject section */
		A10B05371C7CBE7D00867B30 /* Project object */ = {
			isa = PBXProject;
			attributes = {
				LastUpgradeCheck = 0720;
				ORGANIZATIONNAME = "American Well";
				TargetAttributes = {
					A10B053E1C7CBE7D00867B30 = {
						CreatedOnToolsVersion = 7.2;
					};
					A10B05571C7CBE7D00867B30 = {
						CreatedOnToolsVersion = 7.2;
						TestTargetID = A10B053E1C7CBE7D00867B30;
					};
					A10B05621C7CBE7D00867B30 = {
						CreatedOnToolsVersion = 7.2;
						TestTargetID = A10B053E1C7CBE7D00867B30;
					};
				};
			};
			buildConfigurationList = A10B053A1C7CBE7D00867B30 /* Build configuration list for PBXProject "gitTest" */;
			compatibilityVersion = "Xcode 3.2";
			developmentRegion = English;
			hasScannedForEncodings = 0;
			knownRegions = (
				en,
				Base,
			);
			mainGroup = A10B05361C7CBE7D00867B30;
			productRefGroup = A10B05401C7CBE7D00867B30 /* Products */;
			projectDirPath = "";
			projectRoot = "";
			targets = (
				A10B053E1C7CBE7D00867B30 /* gitTest */,
				A10B05571C7CBE7D00867B30 /* gitTestTests */,
				A10B05621C7CBE7D00867B30 /* gitTestUITests */,
			);
		};
/* End PBXProject section */

/* Begin PBXResourcesBuildPhase section */
		A10B053D1C7CBE7D00867B30 /* Resources */ = {
			isa = PBXResourcesBuildPhase;
			buildActionMask = 2147483647;
			files = (
				A10B05521C7CBE7D00867B30 /* LaunchScreen.storyboard in Resources */,
				A10B054F1C7CBE7D00867B30 /* Assets.xcassets in Resources */,
				A10B054D1C7CBE7D00867B30 /* Main.storyboard in Resources */,
			);
			runOnlyForDeploymentPostprocessing = 0;
		};
		A10B05561C7CBE7D00867B30 /* Resources */ = {
			isa = PBXResourcesBuildPhase;
			buildActionMask = 2147483647;
			files = (
			);
			runOnlyForDeploymentPostprocessing = 0;
		};
		A10B05611C7CBE7D00867B30 /* Resources */ = {
			isa = PBXResourcesBuildPhase;
			buildActionMask = 2147483647;
			files = (
			);
			runOnlyForDeploymentPostprocessing = 0;
		};
/* End PBXResourcesBuildPhase section */

/* Begin PBXSourcesBuildPhase section */
		A10B053B1C7CBE7D00867B30 /* Sources */ = {
			isa = PBXSourcesBuildPhase;
			buildActionMask = 2147483647;
			files = (
				A10B054A1C7CBE7D00867B30 /* ViewController.m in Sources */,
				A10B05471C7CBE7D00867B30 /* AppDelegate.m in Sources */,
				A10B05441C7CBE7D00867B30 /* main.m in Sources */,
			);
			runOnlyForDeploymentPostprocessing = 0;
		};
		A10B05541C7CBE7D00867B30 /* Sources */ = {
			isa = PBXSourcesBuildPhase;
			buildActionMask = 2147483647;
			files = (
				A10B055D1C7CBE7D00867B30 /* gitTestTests.m in Sources */,
			);
			runOnlyForDeploymentPostprocessing = 0;
		};
		A10B055F1C7CBE7D00867B30 /* Sources */ = {
			isa = PBXSourcesBuildPhase;
			buildActionMask = 2147483647;
			files = (
				A10B05681C7CBE7D00867B30 /* gitTestUITests.m in Sources */,
			);
			runOnlyForDeploymentPostprocessing = 0;
		};
/* End PBXSourcesBuildPhase section */

/* Begin PBXTargetDependency section */
		A10B055A1C7CBE7D00867B30 /* PBXTargetDependency */ = {
			isa = PBXTargetDependency;
			target = A10B053E1C7CBE7D00867B30 /* gitTest */;
			targetProxy = A10B05591C7CBE7D00867B30 /* PBXContainerItemProxy */;
		};
		A10B05651C7CBE7D00867B30 /* PBXTargetDependency */ = {
			isa = PBXTargetDependency;
			target = A10B053E1C7CBE7D00867B30 /* gitTest */;
			targetProxy = A10B05641C7CBE7D00867B30 /* PBXContainerItemProxy */;
		};
/* End PBXTargetDependency section */

/* Begin PBXVariantGroup section */
		A10B054B1C7CBE7D00867B30 /* Main.storyboard */ = {
			isa = PBXVariantGroup;
			children = (
				A10B054C1C7CBE7D00867B30 /* Base */,
			);
			name = Main.storyboard;
			sourceTree = "<group>";
		};
		A10B05501C7CBE7D00867B30 /* LaunchScreen.storyboard */ = {
			isa = PBXVariantGroup;
			children = (
				A10B05511C7CBE7D00867B30 /* Base */,
			);
			name = LaunchScreen.storyboard;
			sourceTree = "<group>";
		};
/* End PBXVariantGroup section */

/* Begin XCBuildConfiguration section */
		A10B056A1C7CBE7D00867B30 /* Debug */ = {
			isa = XCBuildConfiguration;
			buildSettings = {
				ALWAYS_SEARCH_USER_PATHS = NO;
				CLANG_CXX_LANGUAGE_STANDARD = "gnu++0x";
				CLANG_CXX_LIBRARY = "libc++";
				CLANG_ENABLE_MODULES = YES;
				CLANG_ENABLE_OBJC_ARC = YES;
				CLANG_WARN_BOOL_CONVERSION = YES;
				CLANG_WARN_CONSTANT_CONVERSION = YES;
				CLANG_WARN_DIRECT_OBJC_ISA_USAGE = YES_ERROR;
				CLANG_WARN_EMPTY_BODY = YES;
				CLANG_WARN_ENUM_CONVERSION = YES;
				CLANG_WARN_INT_CONVERSION = YES;
				CLANG_WARN_OBJC_ROOT_CLASS = YES_ERROR;
				CLANG_WARN_UNREACHABLE_CODE = YES;
				CLANG_WARN__DUPLICATE_METHOD_MATCH = YES;
				"CODE_SIGN_IDENTITY[sdk=iphoneos*]" = "iPhone Developer";
				COPY_PHASE_STRIP = NO;
				DEBUG_INFORMATION_FORMAT = dwarf;
				ENABLE_STRICT_OBJC_MSGSEND = YES;
				ENABLE_TESTABILITY = YES;
				GCC_C_LANGUAGE_STANDARD = gnu99;
				GCC_DYNAMIC_NO_PIC = NO;
				GCC_NO_COMMON_BLOCKS = YES;
				GCC_OPTIMIZATION_LEVEL = 0;
				GCC_PREPROCESSOR_DEFINITIONS = (
					"DEBUG=1",
					"$(inherited)",
				);
				GCC_WARN_64_TO_32_BIT_CONVERSION = YES;
				GCC_WARN_ABOUT_RETURN_TYPE = YES_ERROR;
				GCC_WARN_UNDECLARED_SELECTOR = YES;
				GCC_WARN_UNINITIALIZED_AUTOS = YES_AGGRESSIVE;
				GCC_WARN_UNUSED_FUNCTION = YES;
				GCC_WARN_UNUSED_VARIABLE = YES;
				IPHONEOS_DEPLOYMENT_TARGET = 9.2;
				MTL_ENABLE_DEBUG_INFO = YES;
				ONLY_ACTIVE_ARCH = YES;
				SDKROOT = iphoneos;
			};
			name = Debug;
		};
		A10B056B1C7CBE7D00867B30 /* Release */ = {
			isa = XCBuildConfiguration;
			buildSettings = {
				ALWAYS_SEARCH_USER_PATHS = NO;
				CLANG_CXX_LANGUAGE_STANDARD = "gnu++0x";
				CLANG_CXX_LIBRARY = "libc++";
				CLANG_ENABLE_MODULES = YES;
				CLANG_ENABLE_OBJC_ARC = YES;
				CLANG_WARN_BOOL_CONVERSION = YES;
				CLANG_WARN_CONSTANT_CONVERSION = YES;
				CLANG_WARN_DIRECT_OBJC_ISA_USAGE = YES_ERROR;
				CLANG_WARN_EMPTY_BODY = YES;
				CLANG_WARN_ENUM_CONVERSION = YES;
				CLANG_WARN_INT_CONVERSION = YES;
				CLANG_WARN_OBJC_ROOT_CLASS = YES_ERROR;
				CLANG_WARN_UNREACHABLE_CODE = YES;
				CLANG_WARN__DUPLICATE_METHOD_MATCH = YES;
				"CODE_SIGN_IDENTITY[sdk=iphoneos*]" = "iPhone Developer";
				COPY_PHASE_STRIP = NO;
				DEBUG_INFORMATION_FORMAT = "dwarf-with-dsym";
				ENABLE_NS_ASSERTIONS = NO;
				ENABLE_STRICT_OBJC_MSGSEND = YES;
				GCC_C_LANGUAGE_STANDARD = gnu99;
				GCC_NO_COMMON_BLOCKS = YES;
				GCC_WARN_64_TO_32_BIT_CONVERSION = YES;
				GCC_WARN_ABOUT_RETURN_TYPE = YES_ERROR;
				GCC_WARN_UNDECLARED_SELECTOR = YES;
				GCC_WARN_UNINITIALIZED_AUTOS = YES_AGGRESSIVE;
				GCC_WARN_UNUSED_FUNCTION = YES;
				GCC_WARN_UNUSED_VARIABLE = YES;
				IPHONEOS_DEPLOYMENT_TARGET = 9.2;
				MTL_ENABLE_DEBUG_INFO = NO;
				SDKROOT = iphoneos;
				VALIDATE_PRODUCT = YES;
			};
			name = Release;
		};
		A10B056D1C7CBE7D00867B30 /* Debug */ = {
			isa = XCBuildConfiguration;
			buildSettings = {
				ASSETCATALOG_COMPILER_APPICON_NAME = AppIcon;
				INFOPLIST_FILE = gitTest/Info.plist;
				LD_RUNPATH_SEARCH_PATHS = "$(inherited) @executable_path/Frameworks";
				PRODUCT_BUNDLE_IDENTIFIER = com.americanwell.gitTest;
				PRODUCT_NAME = "$(TARGET_NAME)";
			};
			name = Debug;
		};
		A10B056E1C7CBE7D00867B30 /* Release */ = {
			isa = XCBuildConfiguration;
			buildSettings = {
				ASSETCATALOG_COMPILER_APPICON_NAME = AppIcon;
				INFOPLIST_FILE = gitTest/Info.plist;
				LD_RUNPATH_SEARCH_PATHS = "$(inherited) @executable_path/Frameworks";
				PRODUCT_BUNDLE_IDENTIFIER = com.americanwell.gitTest;
				PRODUCT_NAME = "$(TARGET_NAME)";
			};
			name = Release;
		};
		A10B05701C7CBE7D00867B30 /* Debug */ = {
			isa = XCBuildConfiguration;
			buildSettings = {
				BUNDLE_LOADER = "$(TEST_HOST)";
				INFOPLIST_FILE = gitTestTests/Info.plist;
				LD_RUNPATH_SEARCH_PATHS = "$(inherited) @executable_path/Frameworks @loader_path/Frameworks";
				PRODUCT_BUNDLE_IDENTIFIER = com.americanwell.gitTestTests;
				PRODUCT_NAME = "$(TARGET_NAME)";
				TEST_HOST = "$(BUILT_PRODUCTS_DIR)/gitTest.app/gitTest";
			};
			name = Debug;
		};
		A10B05711C7CBE7D00867B30 /* Release */ = {
			isa = XCBuildConfiguration;
			buildSettings = {
				BUNDLE_LOADER = "$(TEST_HOST)";
				INFOPLIST_FILE = gitTestTests/Info.plist;
				LD_RUNPATH_SEARCH_PATHS = "$(inherited) @executable_path/Frameworks @loader_path/Frameworks";
				PRODUCT_BUNDLE_IDENTIFIER = com.americanwell.gitTestTests;
				PRODUCT_NAME = "$(TARGET_NAME)";
				TEST_HOST = "$(BUILT_PRODUCTS_DIR)/gitTest.app/gitTest";
			};
			name = Release;
		};
		A10B05731C7CBE7D00867B30 /* Debug */ = {
			isa = XCBuildConfiguration;
			buildSettings = {
				INFOPLIST_FILE = gitTestUITests/Info.plist;
				LD_RUNPATH_SEARCH_PATHS = "$(inherited) @executable_path/Frameworks @loader_path/Frameworks";
				PRODUCT_BUNDLE_IDENTIFIER = com.americanwell.gitTestUITests;
				PRODUCT_NAME = "$(TARGET_NAME)";
				TEST_TARGET_NAME = gitTest;
				USES_XCTRUNNER = YES;
			};
			name = Debug;
		};
		A10B05741C7CBE7D00867B30 /* Release */ = {
			isa = XCBuildConfiguration;
			buildSettings = {
				INFOPLIST_FILE = gitTestUITests/Info.plist;
				LD_RUNPATH_SEARCH_PATHS = "$(inherited) @executable_path/Frameworks @loader_path/Frameworks";
				PRODUCT_BUNDLE_IDENTIFIER = com.americanwell.gitTestUITests;
				PRODUCT_NAME = "$(TARGET_NAME)";
				TEST_TARGET_NAME = gitTest;
				USES_XCTRUNNER = YES;
			};
			name = Release;
		};
/* End XCBuildConfiguration section */

/* Begin XCConfigurationList section */
		A10B053A1C7CBE7D00867B30 /* Build configuration list for PBXProject "gitTest" */ = {
			isa = XCConfigurationList;
			buildConfigurations = (
				A10B056A1C7CBE7D00867B30 /* Debug */,
				A10B056B1C7CBE7D00867B30 /* Release */,
			);
			defaultConfigurationIsVisible = 0;
			defaultConfigurationName = Release;
		};
		A10B056C1C7CBE7D00867B30 /* Build configuration list for PBXNativeTarget "gitTest" */ = {
			isa = XCConfigurationList;
			buildConfigurations = (
				A10B056D1C7CBE7D00867B30 /* Debug */,
				A10B056E1C7CBE7D00867B30 /* Release */,
			);
			defaultConfigurationIsVisible = 0;
		};
		A10B056F1C7CBE7D00867B30 /* Build configuration list for PBXNativeTarget "gitTestTests" */ = {
			isa = XCConfigurationList;
			buildConfigurations = (
				A10B05701C7CBE7D00867B30 /* Debug */,
				A10B05711C7CBE7D00867B30 /* Release */,
			);
			defaultConfigurationIsVisible = 0;
		};
		A10B05721C7CBE7D00867B30 /* Build configuration list for PBXNativeTarget "gitTestUITests" */ = {
			isa = XCConfigurationList;
			buildConfigurations = (
				A10B05731C7CBE7D00867B30 /* Debug */,
				A10B05741C7CBE7D00867B30 /* Release */,
			);
			defaultConfigurationIsVisible = 0;
		};
/* End XCConfigurationList section */
	};
	rootObject = A10B05371C7CBE7D00867B30 /* Project object */;
}
